
Microsoft Visual Studio Solution File, Format Version 12.00
# Visual Studio 15
VisualStudioVersion = 15.0.28307.421
MinimumVisualStudioVersion = 10.0.40219.1
Project("{FAE04EC0-301F-11D3-BF4B-00C04F79EFBC}") = "virus-simulator", "virus-simulator\virus-simulator.csproj", "{07AD3AB0-89C4-43CA-A30A-C8D4F1434FDB}"
EndProject
Global
	GlobalSection(SolutionConfigurationPlatforms) = preSolution
		Debug|Any CPU = Debug|Any CPU
		Release|Any CPU = Release|Any CPU
	EndGlobalSection
	GlobalSection(ProjectConfigurationPlatforms) = postSolution
		{07AD3AB0-89C4-43CA-A30A-C8D4F1434FDB}.Debug|Any CPU.ActiveCfg = Debug|Any CPU
		{07AD3AB0-89C4-43CA-A30A-C8D4F1434FDB}.Debug|Any CPU.Build.0 = Debug|Any CPU
		{07AD3AB0-89C4-43CA-A30A-C8D4F1434FDB}.Release|Any CPU.ActiveCfg = Release|Any CPU
		{07AD3AB0-89C4-43CA-A30A-C8D4F1434FDB}.Release|Any CPU.Build.0 = Release|Any CPU
	EndGlobalSection
	GlobalSection(SolutionProperties) = preSolution
		HideSolutionNode = FALSE
	EndGlobalSection
	GlobalSection(ExtensibilityGlobals) = postSolution
		SolutionGuid = {0D031413-2C6F-4F0C-A6DF-37C79AB4F70C}
	EndGlobalSection
EndGlobal
